Microsoft Visual Studio Solution File, Format Version 12.00
# Visual Studio Version 17
VisualStudioVersion = 17.5.2.0
MinimumVisualStudioVersion = 10.0.40219.1
Project("{2150E333-8FDC-42A3-9474-1A3956D46DE8}") = "minicrm-shared", "minicrm-shared", "{F3CDD949-3098-8EE8-ABDD-9712A223C436}"
EndProject
Project("{FAE04EC0-301F-11D3-BF4B-00C04F79EFBC}") = "MiniCRM.Shared", "minicrm-shared\MiniCRM.Shared\MiniCRM.Shared.csproj", "{9B76CA80-45E3-F01E-1F80-320B7AFB661B}"
EndProject
Global
	GlobalSection(SolutionConfigurationPlatforms) = preSolution
		Debug|Any CPU = Debug|Any CPU
		Release|Any CPU = Release|Any CPU
	EndGlobalSection
	GlobalSection(ProjectConfigurationPlatforms) = postSolution
		{9B76CA80-45E3-F01E-1F80-320B7AFB661B}.Debug|Any CPU.ActiveCfg = Debug|Any CPU
		{9B76CA80-45E3-F01E-1F80-320B7AFB661B}.Debug|Any CPU.Build.0 = Debug|Any CPU
		{9B76CA80-45E3-F01E-1F80-320B7AFB661B}.Release|Any CPU.ActiveCfg = Release|Any CPU
		{9B76CA80-45E3-F01E-1F80-320B7AFB661B}.Release|Any CPU.Build.0 = Release|Any CPU
	EndGlobalSection
	GlobalSection(SolutionProperties) = preSolution
		HideSolutionNode = FALSE
	EndGlobalSection
	GlobalSection(NestedProjects) = preSolution
		{9B76CA80-45E3-F01E-1F80-320B7AFB661B} = {F3CDD949-3098-8EE8-ABDD-9712A223C436}
	EndGlobalSection
	GlobalSection(ExtensibilityGlobals) = postSolution
		SolutionGuid = {208C9B6F-7895-40B2-AF77-830E94BE8973}
	EndGlobalSection
EndGlobal
