
Microsoft Visual Studio Solution File, Format Version 12.00
# Visual Studio Version 17
VisualStudioVersion = 17.8.34330.188
MinimumVisualStudioVersion = 10.0.40219.1
Project("{9A19103F-16F7-4668-BE54-9A1E7A4F7556}") = "MiniCRM.Shared", "minicrm-shared\MiniCRM.Shared\MiniCRM.Shared.csproj", "{A1000001-0000-0000-0000-000000000001}"
EndProject
Project("{9A19103F-16F7-4668-BE54-9A1E7A4F7556}") = "MiniCRM.Gateway", "minicrm-gateway\MiniCRM.Gateway.csproj", "{A1000002-0000-0000-0000-000000000002}"
EndProject
Project("{9A19103F-16F7-4668-BE54-9A1E7A4F7556}") = "MiniCRM.ContactService", "minicrm-services\MiniCRM.ContactService\MiniCRM.ContactService.csproj", "{A1000003-0000-0000-0000-000000000003}"
EndProject
Project("{9A19103F-16F7-4668-BE54-9A1E7A4F7556}") = "MiniCRM.ProjectService", "minicrm-services\MiniCRM.ProjectService\MiniCRM.ProjectService.csproj", "{A1000004-0000-0000-0000-000000000004}"
EndProject
Project("{9A19103F-16F7-4668-BE54-9A1E7A4F7556}") = "MiniCRM.TodoService", "minicrm-services\MiniCRM.TodoService\MiniCRM.TodoService.csproj", "{A1000005-0000-0000-0000-000000000005}"
EndProject
Project("{9A19103F-16F7-4668-BE54-9A1E7A4F7556}") = "MiniCRM.InvoiceService", "minicrm-services\MiniCRM.InvoiceService\MiniCRM.InvoiceService.csproj", "{A1000006-0000-0000-0000-000000000006}"
EndProject
Project("{9A19103F-16F7-4668-BE54-9A1E7A4F7556}") = "MiniCRM.Tests", "minicrm-tests\MiniCRM.Tests.csproj", "{A1000007-0000-0000-0000-000000000007}"
EndProject
Project("{2150E333-8FDC-42A3-9474-1A3956D46DE8}") = "minicrm-mock", "minicrm-mock", "{C27F4182-D939-FBC7-6491-A040571404A8}"
EndProject
Project("{FAE04EC0-301F-11D3-BF4B-00C04F79EFBC}") = "MiniCRM.MockApi", "minicrm-mock\MiniCRM.MockApi\MiniCRM.MockApi.csproj", "{8B10A25B-BE02-4C31-BCF8-8B9A06EA1FE8}"
EndProject
Global
	GlobalSection(SolutionConfigurationPlatforms) = preSolution
		Debug|Any CPU = Debug|Any CPU
		Debug|x64 = Debug|x64
		Debug|x86 = Debug|x86
		Release|Any CPU = Release|Any CPU
		Release|x64 = Release|x64
		Release|x86 = Release|x86
	EndGlobalSection
	GlobalSection(ProjectConfigurationPlatforms) = postSolution
		{A1000001-0000-0000-0000-000000000001}.Debug|Any CPU.ActiveCfg = Debug|Any CPU
		{A1000001-0000-0000-0000-000000000001}.Debug|Any CPU.Build.0 = Debug|Any CPU
		{A1000001-0000-0000-0000-000000000001}.Debug|x64.ActiveCfg = Debug|Any CPU
		{A1000001-0000-0000-0000-000000000001}.Debug|x64.Build.0 = Debug|Any CPU
		{A1000001-0000-0000-0000-000000000001}.Debug|x86.ActiveCfg = Debug|Any CPU
		{A1000001-0000-0000-0000-000000000001}.Debug|x86.Build.0 = Debug|Any CPU
		{A1000001-0000-0000-0000-000000000001}.Release|Any CPU.ActiveCfg = Release|Any CPU
		{A1000001-0000-0000-0000-000000000001}.Release|Any CPU.Build.0 = Release|Any CPU
		{A1000001-0000-0000-0000-000000000001}.Release|x64.ActiveCfg = Release|Any CPU
		{A1000001-0000-0000-0000-000000000001}.Release|x64.Build.0 = Release|Any CPU
		{A1000001-0000-0000-0000-000000000001}.Release|x86.ActiveCfg = Release|Any CPU
		{A1000001-0000-0000-0000-000000000001}.Release|x86.Build.0 = Release|Any CPU
		{A1000002-0000-0000-0000-000000000002}.Debug|Any CPU.ActiveCfg = Debug|Any CPU
		{A1000002-0000-0000-0000-000000000002}.Debug|Any CPU.Build.0 = Debug|Any CPU
		{A1000002-0000-0000-0000-000000000002}.Debug|x64.ActiveCfg = Debug|Any CPU
		{A1000002-0000-0000-0000-000000000002}.Debug|x64.Build.0 = Debug|Any CPU
		{A1000002-0000-0000-0000-000000000002}.Debug|x86.ActiveCfg = Debug|Any CPU
		{A1000002-0000-0000-0000-000000000002}.Debug|x86.Build.0 = Debug|Any CPU
		{A1000002-0000-0000-0000-000000000002}.Release|Any CPU.ActiveCfg = Release|Any CPU
		{A1000002-0000-0000-0000-000000000002}.Release|Any CPU.Build.0 = Release|Any CPU
		{A1000002-0000-0000-0000-000000000002}.Release|x64.ActiveCfg = Release|Any CPU
		{A1000002-0000-0000-0000-000000000002}.Release|x64.Build.0 = Release|Any CPU
		{A1000002-0000-0000-0000-000000000002}.Release|x86.ActiveCfg = Release|Any CPU
		{A1000002-0000-0000-0000-000000000002}.Release|x86.Build.0 = Release|Any CPU
		{A1000003-0000-0000-0000-000000000003}.Debug|Any CPU.ActiveCfg = Debug|Any CPU
		{A1000003-0000-0000-0000-000000000003}.Debug|Any CPU.Build.0 = Debug|Any CPU
		{A1000003-0000-0000-0000-000000000003}.Debug|x64.ActiveCfg = Debug|Any CPU
		{A1000003-0000-0000-0000-000000000003}.Debug|x64.Build.0 = Debug|Any CPU
		{A1000003-0000-0000-0000-000000000003}.Debug|x86.ActiveCfg = Debug|Any CPU
		{A1000003-0000-0000-0000-000000000003}.Debug|x86.Build.0 = Debug|Any CPU
		{A1000003-0000-0000-0000-000000000003}.Release|Any CPU.ActiveCfg = Release|Any CPU
		{A1000003-0000-0000-0000-000000000003}.Release|Any CPU.Build.0 = Release|Any CPU
		{A1000003-0000-0000-0000-000000000003}.Release|x64.ActiveCfg = Release|Any CPU
		{A1000003-0000-0000-0000-000000000003}.Release|x64.Build.0 = Release|Any CPU
		{A1000003-0000-0000-0000-000000000003}.Release|x86.ActiveCfg = Release|Any CPU
		{A1000003-0000-0000-0000-000000000003}.Release|x86.Build.0 = Release|Any CPU
		{A1000004-0000-0000-0000-000000000004}.Debug|Any CPU.ActiveCfg = Debug|Any CPU
		{A1000004-0000-0000-0000-000000000004}.Debug|Any CPU.Build.0 = Debug|Any CPU
		{A1000004-0000-0000-0000-000000000004}.Debug|x64.ActiveCfg = Debug|Any CPU
		{A1000004-0000-0000-0000-000000000004}.Debug|x64.Build.0 = Debug|Any CPU
		{A1000004-0000-0000-0000-000000000004}.Debug|x86.ActiveCfg = Debug|Any CPU
		{A1000004-0000-0000-0000-000000000004}.Debug|x86.Build.0 = Debug|Any CPU
		{A1000004-0000-0000-0000-000000000004}.Release|Any CPU.ActiveCfg = Release|Any CPU
		{A1000004-0000-0000-0000-000000000004}.Release|Any CPU.Build.0 = Release|Any CPU
		{A1000004-0000-0000-0000-000000000004}.Release|x64.ActiveCfg = Release|Any CPU
		{A1000004-0000-0000-0000-000000000004}.Release|x64.Build.0 = Release|Any CPU
		{A1000004-0000-0000-0000-000000000004}.Release|x86.ActiveCfg = Release|Any CPU
		{A1000004-0000-0000-0000-000000000004}.Release|x86.Build.0 = Release|Any CPU
		{A1000005-0000-0000-0000-000000000005}.Debug|Any CPU.ActiveCfg = Debug|Any CPU
		{A1000005-0000-0000-0000-000000000005}.Debug|Any CPU.Build.0 = Debug|Any CPU
		{A1000005-0000-0000-0000-000000000005}.Debug|x64.ActiveCfg = Debug|Any CPU
		{A1000005-0000-0000-0000-000000000005}.Debug|x64.Build.0 = Debug|Any CPU
		{A1000005-0000-0000-0000-000000000005}.Debug|x86.ActiveCfg = Debug|Any CPU
		{A1000005-0000-0000-0000-000000000005}.Debug|x86.Build.0 = Debug|Any CPU
		{A1000005-0000-0000-0000-000000000005}.Release|Any CPU.ActiveCfg = Release|Any CPU
		{A1000005-0000-0000-0000-000000000005}.Release|Any CPU.Build.0 = Release|Any CPU
		{A1000005-0000-0000-0000-000000000005}.Release|x64.ActiveCfg = Release|Any CPU
		{A1000005-0000-0000-0000-000000000005}.Release|x64.Build.0 = Release|Any CPU
		{A1000005-0000-0000-0000-000000000005}.Release|x86.ActiveCfg = Release|Any CPU
		{A1000005-0000-0000-0000-000000000005}.Release|x86.Build.0 = Release|Any CPU
		{A1000006-0000-0000-0000-000000000006}.Debug|Any CPU.ActiveCfg = Debug|Any CPU
		{A1000006-0000-0000-0000-000000000006}.Debug|Any CPU.Build.0 = Debug|Any CPU
		{A1000006-0000-0000-0000-000000000006}.Debug|x64.ActiveCfg = Debug|Any CPU
		{A1000006-0000-0000-0000-000000000006}.Debug|x64.Build.0 = Debug|Any CPU
		{A1000006-0000-0000-0000-000000000006}.Debug|x86.ActiveCfg = Debug|Any CPU
		{A1000006-0000-0000-0000-000000000006}.Debug|x86.Build.0 = Debug|Any CPU
		{A1000006-0000-0000-0000-000000000006}.Release|Any CPU.ActiveCfg = Release|Any CPU
		{A1000006-0000-0000-0000-000000000006}.Release|Any CPU.Build.0 = Release|Any CPU
		{A1000006-0000-0000-0000-000000000006}.Release|x64.ActiveCfg = Release|Any CPU
		{A1000006-0000-0000-0000-000000000006}.Release|x64.Build.0 = Release|Any CPU
		{A1000006-0000-0000-0000-000000000006}.Release|x86.ActiveCfg = Release|Any CPU
		{A1000006-0000-0000-0000-000000000006}.Release|x86.Build.0 = Release|Any CPU
		{A1000007-0000-0000-0000-000000000007}.Debug|Any CPU.ActiveCfg = Debug|Any CPU
		{A1000007-0000-0000-0000-000000000007}.Debug|Any CPU.Build.0 = Debug|Any CPU
		{A1000007-0000-0000-0000-000000000007}.Debug|x64.ActiveCfg = Debug|Any CPU
		{A1000007-0000-0000-0000-000000000007}.Debug|x64.Build.0 = Debug|Any CPU
		{A1000007-0000-0000-0000-000000000007}.Debug|x86.ActiveCfg = Debug|Any CPU
		{A1000007-0000-0000-0000-000000000007}.Debug|x86.Build.0 = Debug|Any CPU
		{A1000007-0000-0000-0000-000000000007}.Release|Any CPU.ActiveCfg = Release|Any CPU
		{A1000007-0000-0000-0000-000000000007}.Release|Any CPU.Build.0 = Release|Any CPU
		{A1000007-0000-0000-0000-000000000007}.Release|x64.ActiveCfg = Release|Any CPU
		{A1000007-0000-0000-0000-000000000007}.Release|x64.Build.0 = Release|Any CPU
		{A1000007-0000-0000-0000-000000000007}.Release|x86.ActiveCfg = Release|Any CPU
		{A1000007-0000-0000-0000-000000000007}.Release|x86.Build.0 = Release|Any CPU
		{8B10A25B-BE02-4C31-BCF8-8B9A06EA1FE8}.Debug|Any CPU.ActiveCfg = Debug|Any CPU
		{8B10A25B-BE02-4C31-BCF8-8B9A06EA1FE8}.Debug|Any CPU.Build.0 = Debug|Any CPU
		{8B10A25B-BE02-4C31-BCF8-8B9A06EA1FE8}.Debug|x64.ActiveCfg = Debug|Any CPU
		{8B10A25B-BE02-4C31-BCF8-8B9A06EA1FE8}.Debug|x64.Build.0 = Debug|Any CPU
		{8B10A25B-BE02-4C31-BCF8-8B9A06EA1FE8}.Debug|x86.ActiveCfg = Debug|Any CPU
		{8B10A25B-BE02-4C31-BCF8-8B9A06EA1FE8}.Debug|x86.Build.0 = Debug|Any CPU
		{8B10A25B-BE02-4C31-BCF8-8B9A06EA1FE8}.Release|Any CPU.ActiveCfg = Release|Any CPU
		{8B10A25B-BE02-4C31-BCF8-8B9A06EA1FE8}.Release|Any CPU.Build.0 = Release|Any CPU
		{8B10A25B-BE02-4C31-BCF8-8B9A06EA1FE8}.Release|x64.ActiveCfg = Release|Any CPU
		{8B10A25B-BE02-4C31-BCF8-8B9A06EA1FE8}.Release|x64.Build.0 = Release|Any CPU
		{8B10A25B-BE02-4C31-BCF8-8B9A06EA1FE8}.Release|x86.ActiveCfg = Release|Any CPU
		{8B10A25B-BE02-4C31-BCF8-8B9A06EA1FE8}.Release|x86.Build.0 = Release|Any CPU
	EndGlobalSection
	GlobalSection(SolutionProperties) = preSolution
		HideSolutionNode = FALSE
	EndGlobalSection
	GlobalSection(NestedProjects) = preSolution
		{8B10A25B-BE02-4C31-BCF8-8B9A06EA1FE8} = {C27F4182-D939-FBC7-6491-A040571404A8}
	EndGlobalSection
EndGlobal
